{
  "nodes": {
    "nixpkgs": {
      "locked": {
        "lastModified": 1766391783,
        "narHash": "sha256-zQUTngokEUBKNpO9g8JXzamB+/a0mwHr5NjqSiQEsU4=",
        "owner": "nixos",
        "repo": "nixpkgs",
        "rev": "55e873562ff697bce13633c03395ecd050e98d82",
        "type": "github"
      },
      "original": {
        "owner": "nixos",
        "ref": "release-25.11",
        "repo": "nixpkgs",
        "type": "github"
      }
    },
    "perch": {
      "inputs": {
        "nixpkgs": [
          "nixpkgs"
        ]
      },
      "locked": {
        "lastModified": 1766331383,
        "narHash": "sha256-9HkWU1w2U17ulNMwyYQNl5BIMTR96fOxciiutl/3X1Y=",
        "owner": "haras-unicorn",
        "repo": "perch",
        "rev": "fb25d95c55b1c459260d258c4f97e2ec8ca9249d",
        "type": "github"
      },
      "original": {
        "owner": "haras-unicorn",
        "ref": "refs/tags/1.0.3",
        "repo": "perch",
        "type": "github"
      }
    },
    "root": {
      "inputs": {
        "nixpkgs": "nixpkgs",
        "perch": "perch"
      }
    }
  },
  "root": "root",
  "version": 7
}
